
Microsoft Visual Studio Solution File, Format Version 12.00
Project("{FAE04EC0-301F-11D3-BF4B-00C04F79EFBC}") = "milan-jovanovic", "milan-jovanovic\milan-jovanovic.csproj", "{B6F3DDA8-5D1D-4AEE-9029-4AB5A556D8BB}"
EndProject
Global
	GlobalSection(SolutionConfigurationPlatforms) = preSolution
		Debug|Any CPU = Debug|Any CPU
		Release|Any CPU = Release|Any CPU
	EndGlobalSection
	GlobalSection(ProjectConfigurationPlatforms) = postSolution
		{B6F3DDA8-5D1D-4AEE-9029-4AB5A556D8BB}.Debug|Any CPU.ActiveCfg = Debug|Any CPU
		{B6F3DDA8-5D1D-4AEE-9029-4AB5A556D8BB}.Debug|Any CPU.Build.0 = Debug|Any CPU
		{B6F3DDA8-5D1D-4AEE-9029-4AB5A556D8BB}.Release|Any CPU.ActiveCfg = Release|Any CPU
		{B6F3DDA8-5D1D-4AEE-9029-4AB5A556D8BB}.Release|Any CPU.Build.0 = Release|Any CPU
	EndGlobalSection
EndGlobal
